{
  "name": "jev-ql",
  "version": "0.1.0",
  "lockfileVersion": 3,
  "requires": true,
  "packages": {
    "": {
      "name": "jev-ql",
      "version": "0.1.0",
      "license": "MIT",
      "dependencies": {
        "webml-kit": "file:../webml-kit"
      },
      "bin": {
        "jev-ql": "bin/jevql.js",
        "jevql": "bin/jevql.js"
      }
    },
    "../webml-kit": {
      "version": "0.4.0",
      "license": "MIT",
      "dependencies": {
        "@huggingface/transformers": "^4.1.0",
        "kokoro-js": "^1.2.1",
        "onnxruntime-web": "^1.29.0"
      },
      "devDependencies": {
        "@webgpu/types": "^0.1.69",
        "esbuild": "^0.28.2",
        "playwright": "^1.63.0",
        "typescript": "^5.7.0",
        "vitest": "^4.1.4"
      },
      "optionalDependencies": {
        "@wllama/wllama": "^3.6.1"
      }
    },
    "node_modules/webml-kit": {
      "resolved": "../webml-kit",
      "link": true
    }
  }
}
